
Microsoft Visual Studio Solution File, Format Version 12.00
# Visual Studio Version 17
VisualStudioVersion = 17.14.37203.1 d17.14
MinimumVisualStudioVersion = 10.0.40219.1
Project("{FAE04EC0-301F-11D3-BF4B-00C04F79EFBC}") = "PeakCheat", "PeakCheat.csproj", "{2C3EF35A-8010-4C57-A0CD-8A78DD1ED6F6}"
EndProject
Global
	GlobalSection(SolutionConfigurationPlatforms) = preSolution
		Debug|Any CPU = Debug|Any CPU
		Release|Any CPU = Release|Any CPU
	EndGlobalSection
	GlobalSection(ProjectConfigurationPlatforms) = postSolution
		{2C3EF35A-8010-4C57-A0CD-8A78DD1ED6F6}.Debug|Any CPU.ActiveCfg = Debug|Any CPU
		{2C3EF35A-8010-4C57-A0CD-8A78DD1ED6F6}.Debug|Any CPU.Build.0 = Debug|Any CPU
		{2C3EF35A-8010-4C57-A0CD-8A78DD1ED6F6}.Release|Any CPU.ActiveCfg = Release|Any CPU
		{2C3EF35A-8010-4C57-A0CD-8A78DD1ED6F6}.Release|Any CPU.Build.0 = Release|Any CPU
	EndGlobalSection
	GlobalSection(SolutionProperties) = preSolution
		HideSolutionNode = FALSE
	EndGlobalSection
	GlobalSection(ExtensibilityGlobals) = postSolution
		SolutionGuid = {1810E9A6-CD12-4983-8967-0FEA3CFE9EA5}
	EndGlobalSection
EndGlobal
